# This file was autogenerated by Stack.
# You should not edit this file by hand.
# For more information, please see the documentation at:
#   https://docs.haskellstack.org/en/stable/lock_files

packages:
- completed:
    hackage: random-1.2.0@sha256:4321209c8faedc034810ea8ed0dbc4a36f1a1df97b75af024219f2f533da57de,6094
    pantry-tree:
      size: 1259
      sha256: 29ff0a7ec5bf123e2c40f849b7af163950854a6c08c68b4a1b4364ce7a515af0
  original:
    hackage: random-1.2.0
- completed:
    hackage: splitmix-0.1.0.2@sha256:e0e1fcd8b011aba928104895f94340989d884ce1f91dee691331e8bc87060678,6049
    pantry-tree:
      size: 1400
      sha256: 0351665fd1015af6974ecb7b11822f70a008c2c3fb513f2ae4f38e0e03ec1c49
  original:
    hackage: splitmix-0.1.0.2
- completed:
    name: intervals
    version: 0.9.1
    git: https://github.com/massma/intervals.git
    pantry-tree:
      size: 1076
      sha256: 2d38b20ac6f956b0eb81298d52f63111c165d9355e389328157b422ae15975d4
    commit: 3fe1c614dae10dc51554b5575b07ab042d448f9f
  original:
    git: https://github.com/massma/intervals.git
    commit: 3fe1c614dae10dc51554b5575b07ab042d448f9f
snapshots:
- completed:
    size: 563098
    url: https://raw.githubusercontent.com/commercialhaskell/stackage-snapshots/master/lts/17/1.yaml
    sha256: 395775c03e66a4286f134d50346b0b6f1432131cf542886252984b4cfa5fef69
  original: lts-17.1
