# This file was autogenerated by Stack.
# You should not edit this file by hand.
# For more information, please see the documentation at:
#   https://docs.haskellstack.org/en/stable/lock_files

packages:
- completed:
    hackage: random-1.2.0@sha256:4321209c8faedc034810ea8ed0dbc4a36f1a1df97b75af024219f2f533da57de,6094
    pantry-tree:
      size: 1259
      sha256: 29ff0a7ec5bf123e2c40f849b7af163950854a6c08c68b4a1b4364ce7a515af0
  original:
    hackage: random-1.2.0
- completed:
    hackage: splitmix-0.1.0.2@sha256:e0e1fcd8b011aba928104895f94340989d884ce1f91dee691331e8bc87060678,6049
    pantry-tree:
      size: 1400
      sha256: 0351665fd1015af6974ecb7b11822f70a008c2c3fb513f2ae4f38e0e03ec1c49
  original:
    hackage: splitmix-0.1.0.2
- completed:
    name: intervals
    version: 0.9.1
    git: https://github.com/folivetti/intervals.git
    pantry-tree:
      size: 1077
      sha256: 78dc9e89247c5454b8242a87a189b756ccae18abfdce53c0c0a593f4a5750c77
    commit: 1832dbbdf8c483b92e31e30168434c8e780ff58f
  original:
    git: https://github.com/folivetti/intervals.git
    commit: 1832dbbdf8c483b92e31e30168434c8e780ff58f
snapshots:
- completed:
    size: 567037
    url: https://raw.githubusercontent.com/commercialhaskell/stackage-snapshots/master/lts/17/9.yaml
    sha256: d7d8d5106e53d1669964bd8bd2b0f88a5ad192d772f5376384b76738fd992311
  original: lts-17.9
